
Microsoft Visual Studio Solution File, Format Version 12.00
# Visual Studio 15
VisualStudioVersion = 15.0.27130.2010
MinimumVisualStudioVersion = 10.0.40219.1
Project("{FAE04EC0-301F-11D3-BF4B-00C04F79EFBC}") = "StreamClient", "StreamClient\StreamClient.csproj", "{40625662-DFA2-47B7-A763-8F7BCC64AFD6}"
EndProject
Project("{FAE04EC0-301F-11D3-BF4B-00C04F79EFBC}") = "StreamServer", "StreamServer\StreamServer.csproj", "{8A1EDF70-D3C2-469B-9DB8-B354D5FB21FC}"
EndProject
Global
	GlobalSection(SolutionConfigurationPlatforms) = preSolution
		Debug|Any CPU = Debug|Any CPU
		Release|Any CPU = Release|Any CPU
	EndGlobalSection
	GlobalSection(ProjectConfigurationPlatforms) = postSolution
		{40625662-DFA2-47B7-A763-8F7BCC64AFD6}.Debug|Any CPU.ActiveCfg = Debug|Any CPU
		{40625662-DFA2-47B7-A763-8F7BCC64AFD6}.Debug|Any CPU.Build.0 = Debug|Any CPU
		{40625662-DFA2-47B7-A763-8F7BCC64AFD6}.Release|Any CPU.ActiveCfg = Release|Any CPU
		{40625662-DFA2-47B7-A763-8F7BCC64AFD6}.Release|Any CPU.Build.0 = Release|Any CPU
		{8A1EDF70-D3C2-469B-9DB8-B354D5FB21FC}.Debug|Any CPU.ActiveCfg = Debug|Any CPU
		{8A1EDF70-D3C2-469B-9DB8-B354D5FB21FC}.Debug|Any CPU.Build.0 = Debug|Any CPU
		{8A1EDF70-D3C2-469B-9DB8-B354D5FB21FC}.Release|Any CPU.ActiveCfg = Release|Any CPU
		{8A1EDF70-D3C2-469B-9DB8-B354D5FB21FC}.Release|Any CPU.Build.0 = Release|Any CPU
	EndGlobalSection
	GlobalSection(SolutionProperties) = preSolution
		HideSolutionNode = FALSE
	EndGlobalSection
	GlobalSection(ExtensibilityGlobals) = postSolution
		SolutionGuid = {87EDB22D-8926-462C-AF58-0963B9DCE8E8}
	EndGlobalSection
EndGlobal
